{
  "name": "latex-table-generation",
  "lockfileVersion": 3,
  "requires": true,
  "packages": {
    "": {
      "dependencies": {
        "latex-table-generation": "file:pkg"
      },
      "devDependencies": {}
    },
    "../pkg": {
      "name": "latex-table-generation",
      "version": "0.1.0",
      "extraneous": true
    },
    "node_modules/latex-table-generation": {
      "resolved": "pkg",
      "link": true
    },
    "pkg": {
      "version": "0.1.0"
    }
  }
}
